
Microsoft Visual Studio Solution File, Format Version 12.00
# Visual Studio Version 17
VisualStudioVersion = 17.4.33205.214
MinimumVisualStudioVersion = 10.0.40219.1
Project("{FAE04EC0-301F-11D3-BF4B-00C04F79EFBC}") = "Practical3", "Practical3\Practical3.csproj", "{1B261651-A9C5-420E-89E9-0607942C84E3}"
EndProject
Project("{FAE04EC0-301F-11D3-BF4B-00C04F79EFBC}") = "Practical3.DataAccess", "Practical3.DataAccess\Practical3.DataAccess.csproj", "{78AD31DB-F0EE-4826-B6A4-FC317E962D5A}"
EndProject
Project("{FAE04EC0-301F-11D3-BF4B-00C04F79EFBC}") = "Practical3.Models", "Practical3.Models\Practical3.Models.csproj", "{F37EA91F-816E-4A9B-AD92-8B5244C825D3}"
EndProject
Global
	GlobalSection(SolutionConfigurationPlatforms) = preSolution
		Debug|Any CPU = Debug|Any CPU
		Release|Any CPU = Release|Any CPU
	EndGlobalSection
	GlobalSection(ProjectConfigurationPlatforms) = postSolution
		{1B261651-A9C5-420E-89E9-0607942C84E3}.Debug|Any CPU.ActiveCfg = Debug|Any CPU
		{1B261651-A9C5-420E-89E9-0607942C84E3}.Debug|Any CPU.Build.0 = Debug|Any CPU
		{1B261651-A9C5-420E-89E9-0607942C84E3}.Release|Any CPU.ActiveCfg = Release|Any CPU
		{1B261651-A9C5-420E-89E9-0607942C84E3}.Release|Any CPU.Build.0 = Release|Any CPU
		{78AD31DB-F0EE-4826-B6A4-FC317E962D5A}.Debug|Any CPU.ActiveCfg = Debug|Any CPU
		{78AD31DB-F0EE-4826-B6A4-FC317E962D5A}.Debug|Any CPU.Build.0 = Debug|Any CPU
		{78AD31DB-F0EE-4826-B6A4-FC317E962D5A}.Release|Any CPU.ActiveCfg = Release|Any CPU
		{78AD31DB-F0EE-4826-B6A4-FC317E962D5A}.Release|Any CPU.Build.0 = Release|Any CPU
		{F37EA91F-816E-4A9B-AD92-8B5244C825D3}.Debug|Any CPU.ActiveCfg = Debug|Any CPU
		{F37EA91F-816E-4A9B-AD92-8B5244C825D3}.Debug|Any CPU.Build.0 = Debug|Any CPU
		{F37EA91F-816E-4A9B-AD92-8B5244C825D3}.Release|Any CPU.ActiveCfg = Release|Any CPU
		{F37EA91F-816E-4A9B-AD92-8B5244C825D3}.Release|Any CPU.Build.0 = Release|Any CPU
	EndGlobalSection
	GlobalSection(SolutionProperties) = preSolution
		HideSolutionNode = FALSE
	EndGlobalSection
	GlobalSection(ExtensibilityGlobals) = postSolution
		SolutionGuid = {5DF7E3C2-82CC-410C-B737-A85A37BC0848}
	EndGlobalSection
EndGlobal
